
Microsoft Visual Studio Solution File, Format Version 12.00
# Visual Studio 15
VisualStudioVersion = 15.0.27428.2005
MinimumVisualStudioVersion = 10.0.40219.1
Project("{8BC9CEB8-8B4A-11D0-8D11-00A0C91BC942}") = "practical9", "practical9\practical9.vcxproj", "{EB9227E4-28C3-4790-A99D-0C9FFFD377AE}"
EndProject
Global
	GlobalSection(SolutionConfigurationPlatforms) = preSolution
		Debug|x64 = Debug|x64
		Debug|x86 = Debug|x86
		Release|x64 = Release|x64
		Release|x86 = Release|x86
	EndGlobalSection
	GlobalSection(ProjectConfigurationPlatforms) = postSolution
		{EB9227E4-28C3-4790-A99D-0C9FFFD377AE}.Debug|x64.ActiveCfg = Debug|Win32
		{EB9227E4-28C3-4790-A99D-0C9FFFD377AE}.Debug|x64.Build.0 = Debug|Win32
		{EB9227E4-28C3-4790-A99D-0C9FFFD377AE}.Debug|x86.ActiveCfg = Debug|Win32
		{EB9227E4-28C3-4790-A99D-0C9FFFD377AE}.Debug|x86.Build.0 = Debug|Win32
		{EB9227E4-28C3-4790-A99D-0C9FFFD377AE}.Release|x64.ActiveCfg = Release|x64
		{EB9227E4-28C3-4790-A99D-0C9FFFD377AE}.Release|x64.Build.0 = Release|x64
		{EB9227E4-28C3-4790-A99D-0C9FFFD377AE}.Release|x86.ActiveCfg = Release|Win32
		{EB9227E4-28C3-4790-A99D-0C9FFFD377AE}.Release|x86.Build.0 = Release|Win32
	EndGlobalSection
	GlobalSection(SolutionProperties) = preSolution
		HideSolutionNode = FALSE
	EndGlobalSection
	GlobalSection(ExtensibilityGlobals) = postSolution
		SolutionGuid = {77F7F580-8343-4B8E-BC55-3FAFC5896E26}
	EndGlobalSection
EndGlobal
